
Microsoft Visual Studio Solution File, Format Version 12.00
# Visual Studio Version 17
VisualStudioVersion = 17.14.36623.8
MinimumVisualStudioVersion = 10.0.40219.1
Project("{FAE04EC0-301F-11D3-BF4B-00C04F79EFBC}") = "Comments.API", "Comments.API\Comments.API.csproj", "{1D20EC5E-926F-42EF-9B91-B529FD1F1CEE}"
EndProject
Project("{FAE04EC0-301F-11D3-BF4B-00C04F79EFBC}") = "Comments.Core", "Comments.Core\Comments.Core.csproj", "{49277DFD-491D-47FA-AA53-DC0D81F346B2}"
EndProject
Project("{FAE04EC0-301F-11D3-BF4B-00C04F79EFBC}") = "Comments.Infrastructure", "Comments.Infrastructure\Comments.Infrastructure.csproj", "{79B8D6C3-86C3-4349-8A96-F27FA2563243}"
EndProject
Project("{FAE04EC0-301F-11D3-BF4B-00C04F79EFBC}") = "Comments.Application", "Comments.Application\Comments.Application.csproj", "{C25C39AD-6C13-4C14-BC6E-BBAC255E780B}"
EndProject
Project("{2150E333-8FDC-42A3-9474-1A3956D46DE8}") = "Элементы решения", "Элементы решения", "{754FC069-D67B-A9D7-50A1-8D1CA196D8F1}"
EndProject
Project("{E53339B2-1760-4266-BCC7-CA923CBCF16C}") = "docker-compose", "docker-compose.dcproj", "{81DDED9D-158B-E303-5F62-77A2896D2A5A}"
EndProject
Global
	GlobalSection(SolutionConfigurationPlatforms) = preSolution
		Debug|Any CPU = Debug|Any CPU
		Release|Any CPU = Release|Any CPU
	EndGlobalSection
	GlobalSection(ProjectConfigurationPlatforms) = postSolution
		{1D20EC5E-926F-42EF-9B91-B529FD1F1CEE}.Debug|Any CPU.ActiveCfg = Debug|Any CPU
		{1D20EC5E-926F-42EF-9B91-B529FD1F1CEE}.Debug|Any CPU.Build.0 = Debug|Any CPU
		{1D20EC5E-926F-42EF-9B91-B529FD1F1CEE}.Release|Any CPU.ActiveCfg = Release|Any CPU
		{1D20EC5E-926F-42EF-9B91-B529FD1F1CEE}.Release|Any CPU.Build.0 = Release|Any CPU
		{49277DFD-491D-47FA-AA53-DC0D81F346B2}.Debug|Any CPU.ActiveCfg = Debug|Any CPU
		{49277DFD-491D-47FA-AA53-DC0D81F346B2}.Debug|Any CPU.Build.0 = Debug|Any CPU
		{49277DFD-491D-47FA-AA53-DC0D81F346B2}.Release|Any CPU.ActiveCfg = Release|Any CPU
		{49277DFD-491D-47FA-AA53-DC0D81F346B2}.Release|Any CPU.Build.0 = Release|Any CPU
		{79B8D6C3-86C3-4349-8A96-F27FA2563243}.Debug|Any CPU.ActiveCfg = Debug|Any CPU
		{79B8D6C3-86C3-4349-8A96-F27FA2563243}.Debug|Any CPU.Build.0 = Debug|Any CPU
		{79B8D6C3-86C3-4349-8A96-F27FA2563243}.Release|Any CPU.ActiveCfg = Release|Any CPU
		{79B8D6C3-86C3-4349-8A96-F27FA2563243}.Release|Any CPU.Build.0 = Release|Any CPU
		{C25C39AD-6C13-4C14-BC6E-BBAC255E780B}.Debug|Any CPU.ActiveCfg = Debug|Any CPU
		{C25C39AD-6C13-4C14-BC6E-BBAC255E780B}.Debug|Any CPU.Build.0 = Debug|Any CPU
		{C25C39AD-6C13-4C14-BC6E-BBAC255E780B}.Release|Any CPU.ActiveCfg = Release|Any CPU
		{C25C39AD-6C13-4C14-BC6E-BBAC255E780B}.Release|Any CPU.Build.0 = Release|Any CPU
		{81DDED9D-158B-E303-5F62-77A2896D2A5A}.Debug|Any CPU.ActiveCfg = Debug|Any CPU
		{81DDED9D-158B-E303-5F62-77A2896D2A5A}.Debug|Any CPU.Build.0 = Debug|Any CPU
		{81DDED9D-158B-E303-5F62-77A2896D2A5A}.Release|Any CPU.ActiveCfg = Release|Any CPU
		{81DDED9D-158B-E303-5F62-77A2896D2A5A}.Release|Any CPU.Build.0 = Release|Any CPU
	EndGlobalSection
	GlobalSection(SolutionProperties) = preSolution
		HideSolutionNode = FALSE
	EndGlobalSection
	GlobalSection(ExtensibilityGlobals) = postSolution
		SolutionGuid = {7A099DE9-59E7-492E-BFB3-342576FA80C4}
	EndGlobalSection
EndGlobal
